
Microsoft Visual Studio Solution File, Format Version 11.00
# Visual Studio 2010
Project("{FAE04EC0-301F-11D3-BF4B-00C04F79EFBC}") = "WebService", "WebService\WebService.csproj", "{2BD82C27-97C1-4642-8A7B-A57B3B8F03AD}"
EndProject
Global
	GlobalSection(SolutionConfigurationPlatforms) = preSolution
		Debug|Any CPU = Debug|Any CPU
		Release|Any CPU = Release|Any CPU
	EndGlobalSection
	GlobalSection(ProjectConfigurationPlatforms) = postSolution
		{2BD82C27-97C1-4642-8A7B-A57B3B8F03AD}.Debug|Any CPU.ActiveCfg = Debug|Any CPU
		{2BD82C27-97C1-4642-8A7B-A57B3B8F03AD}.Debug|Any CPU.Build.0 = Debug|Any CPU
		{2BD82C27-97C1-4642-8A7B-A57B3B8F03AD}.Release|Any CPU.ActiveCfg = Release|Any CPU
		{2BD82C27-97C1-4642-8A7B-A57B3B8F03AD}.Release|Any CPU.Build.0 = Release|Any CPU
	EndGlobalSection
	GlobalSection(SolutionProperties) = preSolution
		HideSolutionNode = FALSE
	EndGlobalSection
EndGlobal
